// !$*UTF8*$!
{
	archiveVersion = 1;
	classes = {
	};
	objectVersion = 77;
	objects = {

/* Begin PBXContainerItemProxy section */
		655B127A2E5589150061B758 /* PBXContainerItemProxy */ = {
			isa = PBXContainerItemProxy;
			containerPortal = 655B12602E5589140061B758 /* Project object */;
			proxyType = 1;
			remoteGlobalIDString = 655B12672E5589140061B758;
			remoteInfo = FactorioPlanner;
		};
		655B12842E5589150061B758 /* PBXContainerItemProxy */ = {
			isa = PBXContainerItemProxy;
			containerPortal = 655B12602E5589140061B758 /* Project object */;
			proxyType = 1;
			remoteGlobalIDString = 655B12672E5589140061B758;
			remoteInfo = FactorioPlanner;
		};
/* End PBXContainerItemProxy section */

/* Begin PBXFileReference section */
		655B12682E5589140061B758 /* FactorioPlanner.app */ = {isa = PBXFileReference; explicitFileType = wrapper.application; includeInIndex = 0; path = FactorioPlanner.app; sourceTree = BUILT_PRODUCTS_DIR; };
		655B12792E5589150061B758 /* FactorioPlannerTests.xctest */ = {isa = PBXFileReference; explicitFileType = wrapper.cfbundle; includeInIndex = 0; path = FactorioPlannerTests.xctest; sourceTree = BUILT_PRODUCTS_DIR; };
		655B12832E5589150061B758 /* FactorioPlannerUITests.xctest */ = {isa = PBXFileReference; explicitFileType = wrapper.cfbundle; includeInIndex = 0; path = FactorioPlannerUITests.xctest; sourceTree = BUILT_PRODUCTS_DIR; };
/* End PBXFileReference section */

/* Begin PBXFileSystemSynchronizedBuildFileExceptionSet section */
		6596C9242E55CCDA00FD72FF /* Exceptions for "FactorioPlanner" folder in "FactorioPlanner" target */ = {
			isa = PBXFileSystemSynchronizedBuildFileExceptionSet;
			membershipExceptions = (
				Info.plist,
			);
			target = 655B12672E5589140061B758 /* FactorioPlanner */;
		};
/* End PBXFileSystemSynchronizedBuildFileExceptionSet section */

/* Begin PBXFileSystemSynchronizedRootGroup section */
		655B126A2E5589140061B758 /* FactorioPlanner */ = {
			isa = PBXFileSystemSynchronizedRootGroup;
			exceptions = (
				6596C9242E55CCDA00FD72FF /* Exceptions for "FactorioPlanner" folder in "FactorioPlanner" target */,
			);
			path = FactorioPlanner;
			sourceTree = "<group>";
		};
		655B127C2E5589150061B758 /* FactorioPlannerTests */ = {
			isa = PBXFileSystemSynchronizedRootGroup;
			path = FactorioPlannerTests;
			sourceTree = "<group>";
		};
		655B12862E5589150061B758 /* FactorioPlannerUITests */ = {
			isa = PBXFileSystemSynchronizedRootGroup;
			path = FactorioPlannerUITests;
			sourceTree = "<group>";
		};
		655B13232E55B4BF0061B758 /* App */ = {
			isa = PBXFileSystemSynchronizedRootGroup;
			path = App;
			sourceTree = "<group>";
		};
		655B132A2E55B4E70061B758 /* Views */ = {
			isa = PBXFileSystemSynchronizedRootGroup;
			path = Views;
			sourceTree = "<group>";
		};
		655B13312E55B4F80061B758 /* Models */ = {
			isa = PBXFileSystemSynchronizedRootGroup;
			path = Models;
			sourceTree = "<group>";
		};
		655B133A2E55B5110061B758 /* Windows */ = {
			isa = PBXFileSystemSynchronizedRootGroup;
			path = Windows;
			sourceTree = "<group>";
		};
		655B13452E55B5360061B758 /* Utilities */ = {
			isa = PBXFileSystemSynchronizedRootGroup;
			path = Utilities;
			sourceTree = "<group>";
		};
		655B134E2E55B5600061B758 /* Data */ = {
			isa = PBXFileSystemSynchronizedRootGroup;
			path = Data;
			sourceTree = "<group>";
		};
/* End PBXFileSystemSynchronizedRootGroup section */

/* Begin PBXFrameworksBuildPhase section */
		655B12652E5589140061B758 /* Frameworks */ = {
			isa = PBXFrameworksBuildPhase;
			buildActionMask = 2147483647;
			files = (
			);
			runOnlyForDeploymentPostprocessing = 0;
		};
		655B12762E5589150061B758 /* Frameworks */ = {
			isa = PBXFrameworksBuildPhase;
			buildActionMask = 2147483647;
			files = (
			);
			runOnlyForDeploymentPostprocessing = 0;
		};
		655B12802E5589150061B758 /* Frameworks */ = {
			isa = PBXFrameworksBuildPhase;
			buildActionMask = 2147483647;
			files = (
			);
			runOnlyForDeploymentPostprocessing = 0;
		};
/* End PBXFrameworksBuildPhase section */

/* Begin PBXGroup section */
		655B125F2E5589140061B758 = {
			isa = PBXGroup;
			children = (
				655B134E2E55B5600061B758 /* Data */,
				655B13452E55B5360061B758 /* Utilities */,
				655B133A2E55B5110061B758 /* Windows */,
				655B13312E55B4F80061B758 /* Models */,
				655B132A2E55B4E70061B758 /* Views */,
				655B13232E55B4BF0061B758 /* App */,
				655B126A2E5589140061B758 /* FactorioPlanner */,
				655B127C2E5589150061B758 /* FactorioPlannerTests */,
				655B12862E5589150061B758 /* FactorioPlannerUITests */,
				655B12692E5589140061B758 /* Products */,
			);
			sourceTree = "<group>";
		};
		655B12692E5589140061B758 /* Products */ = {
			isa = PBXGroup;
			children = (
				655B12682E5589140061B758 /* FactorioPlanner.app */,
				655B12792E5589150061B758 /* FactorioPlannerTests.xctest */,
				655B12832E5589150061B758 /* FactorioPlannerUITests.xctest */,
			);
			name = Products;
			sourceTree = "<group>";
		};
/* End PBXGroup section */

/* Begin PBXNativeTarget section */
		655B12672E5589140061B758 /* FactorioPlanner */ = {
			isa = PBXNativeTarget;
			buildConfigurationList = 655B128D2E5589150061B758 /* Build configuration list for PBXNativeTarget "FactorioPlanner" */;
			buildPhases = (
				655B12642E5589140061B758 /* Sources */,
				655B12652E5589140061B758 /* Frameworks */,
				655B12662E5589140061B758 /* Resources */,
			);
			buildRules = (
			);
			dependencies = (
			);
			fileSystemSynchronizedGroups = (
				655B126A2E5589140061B758 /* FactorioPlanner */,
				655B13232E55B4BF0061B758 /* App */,
				655B132A2E55B4E70061B758 /* Views */,
				655B13312E55B4F80061B758 /* Models */,
				655B133A2E55B5110061B758 /* Windows */,
				655B13452E55B5360061B758 /* Utilities */,
				655B134E2E55B5600061B758 /* Data */,
			);
			name = FactorioPlanner;
			packageProductDependencies = (
			);
			productName = FactorioPlanner;
			productReference = 655B12682E5589140061B758 /* FactorioPlanner.app */;
			productType = "com.apple.product-type.application";
		};
		655B12782E5589150061B758 /* FactorioPlannerTests */ = {
			isa = PBXNativeTarget;
			buildConfigurationList = 655B12902E5589150061B758 /* Build configuration list for PBXNativeTarget "FactorioPlannerTests" */;
			buildPhases = (
				655B12752E5589150061B758 /* Sources */,
				655B12762E5589150061B758 /* Frameworks */,
				655B12772E5589150061B758 /* Resources */,
			);
			buildRules = (
			);
			dependencies = (
				655B127B2E5589150061B758 /* PBXTargetDependency */,
			);
			fileSystemSynchronizedGroups = (
				655B127C2E5589150061B758 /* FactorioPlannerTests */,
			);
			name = FactorioPlannerTests;
			packageProductDependencies = (
			);
			productName = FactorioPlannerTests;
			productReference = 655B12792E5589150061B758 /* FactorioPlannerTests.xctest */;
			productType = "com.apple.product-type.bundle.unit-test";
		};
		655B12822E5589150061B758 /* FactorioPlannerUITests */ = {
			isa = PBXNativeTarget;
			buildConfigurationList = 655B12932E5589150061B758 /* Build configuration list for PBXNativeTarget "FactorioPlannerUITests" */;
			buildPhases = (
				655B127F2E5589150061B758 /* Sources */,
				655B12802E5589150061B758 /* Frameworks */,
				655B12812E5589150061B758 /* Resources */,
			);
			buildRules = (
			);
			dependencies = (
				655B12852E5589150061B758 /* PBXTargetDependency */,
			);
			fileSystemSynchronizedGroups = (
				655B12862E5589150061B758 /* FactorioPlannerUITests */,
			);
			name = FactorioPlannerUITests;
			packageProductDependencies = (
			);
			productName = FactorioPlannerUITests;
			productReference = 655B12832E5589150061B758 /* FactorioPlannerUITests.xctest */;
			productType = "com.apple.product-type.bundle.ui-testing";
		};
/* End PBXNativeTarget section */

/* Begin PBXProject section */
		655B12602E5589140061B758 /* Project object */ = {
			isa = PBXProject;
			attributes = {
				BuildIndependentTargetsInParallel = 1;
				LastSwiftUpdateCheck = 1640;
				LastUpgradeCheck = 1640;
				TargetAttributes = {
					655B12672E5589140061B758 = {
						CreatedOnToolsVersion = 16.4;
					};
					655B12782E5589150061B758 = {
						CreatedOnToolsVersion = 16.4;
						TestTargetID = 655B12672E5589140061B758;
					};
					655B12822E5589150061B758 = {
						CreatedOnToolsVersion = 16.4;
						TestTargetID = 655B12672E5589140061B758;
					};
				};
			};
			buildConfigurationList = 655B12632E5589140061B758 /* Build configuration list for PBXProject "FactorioPlanner" */;
			developmentRegion = en;
			hasScannedForEncodings = 0;
			knownRegions = (
				en,
				Base,
			);
			mainGroup = 655B125F2E5589140061B758;
			minimizedProjectReferenceProxies = 1;
			preferredProjectObjectVersion = 77;
			productRefGroup = 655B12692E5589140061B758 /* Products */;
			projectDirPath = "";
			projectRoot = "";
			targets = (
				655B12672E5589140061B758 /* FactorioPlanner */,
				655B12782E5589150061B758 /* FactorioPlannerTests */,
				655B12822E5589150061B758 /* FactorioPlannerUITests */,
			);
		};
/* End PBXProject section */

/* Begin PBXResourcesBuildPhase section */
		655B12662E5589140061B758 /* Resources */ = {
			isa = PBXResourcesBuildPhase;
			buildActionMask = 2147483647;
			files = (
			);
			runOnlyForDeploymentPostprocessing = 0;
		};
		655B12772E5589150061B758 /* Resources */ = {
			isa = PBXResourcesBuildPhase;
			buildActionMask = 2147483647;
			files = (
			);
			runOnlyForDeploymentPostprocessing = 0;
		};
		655B12812E5589150061B758 /* Resources */ = {
			isa = PBXResourcesBuildPhase;
			buildActionMask = 2147483647;
			files = (
			);
			runOnlyForDeploymentPostprocessing = 0;
		};
/* End PBXResourcesBuildPhase section */

/* Begin PBXSourcesBuildPhase section */
		655B12642E5589140061B758 /* Sources */ = {
			isa = PBXSourcesBuildPhase;
			buildActionMask = 2147483647;
			files = (
			);
			runOnlyForDeploymentPostprocessing = 0;
		};
		655B12752E5589150061B758 /* Sources */ = {
			isa = PBXSourcesBuildPhase;
			buildActionMask = 2147483647;
			files = (
			);
			runOnlyForDeploymentPostprocessing = 0;
		};
		655B127F2E5589150061B758 /* Sources */ = {
			isa = PBXSourcesBuildPhase;
			buildActionMask = 2147483647;
			files = (
			);
			runOnlyForDeploymentPostprocessing = 0;
		};
/* End PBXSourcesBuildPhase section */

/* Begin PBXTargetDependency section */
		655B127B2E5589150061B758 /* PBXTargetDependency */ = {
			isa = PBXTargetDependency;
			target = 655B12672E5589140061B758 /* FactorioPlanner */;
			targetProxy = 655B127A2E5589150061B758 /* PBXContainerItemProxy */;
		};
		655B12852E5589150061B758 /* PBXTargetDependency */ = {
			isa = PBXTargetDependency;
			target = 655B12672E5589140061B758 /* FactorioPlanner */;
			targetProxy = 655B12842E5589150061B758 /* PBXContainerItemProxy */;
		};
/* End PBXTargetDependency section */

/* Begin XCBuildConfiguration section */
		655B128B2E5589150061B758 /* Debug */ = {
			isa = XCBuildConfiguration;
			buildSettings = {
				ALWAYS_SEARCH_USER_PATHS = NO;
				ASSETCATALOG_COMPILER_GENERATE_SWIFT_ASSET_SYMBOL_EXTENSIONS = YES;
				CLANG_ANALYZER_NONNULL = YES;
				CLANG_ANALYZER_NUMBER_OBJECT_CONVERSION = YES_AGGRESSIVE;
				CLANG_CXX_LANGUAGE_STANDARD = "gnu++20";
				CLANG_ENABLE_MODULES = YES;
				CLANG_ENABLE_OBJC_ARC = YES;
				CLANG_ENABLE_OBJC_WEAK = YES;
				CLANG_WARN_BLOCK_CAPTURE_AUTORELEASING = YES;
				CLANG_WARN_BOOL_CONVERSION = YES;
				CLANG_WARN_COMMA = YES;
				CLANG_WARN_CONSTANT_CONVERSION = YES;
				CLANG_WARN_DEPRECATED_OBJC_IMPLEMENTATIONS = YES;
				CLANG_WARN_DIRECT_OBJC_ISA_USAGE = YES_ERROR;
				CLANG_WARN_DOCUMENTATION_COMMENTS = YES;
				CLANG_WARN_EMPTY_BODY = YES;
				CLANG_WARN_ENUM_CONVERSION = YES;
				CLANG_WARN_INFINITE_RECURSION = YES;
				CLANG_WARN_INT_CONVERSION = YES;
				CLANG_WARN_NON_LITERAL_NULL_CONVERSION = YES;
				CLANG_WARN_OBJC_IMPLICIT_RETAIN_SELF = YES;
				CLANG_WARN_OBJC_LITERAL_CONVERSION = YES;
				CLANG_WARN_OBJC_ROOT_CLASS = YES_ERROR;
				CLANG_WARN_QUOTED_INCLUDE_IN_FRAMEWORK_HEADER = YES;
				CLANG_WARN_RANGE_LOOP_ANALYSIS = YES;
				CLANG_WARN_STRICT_PROTOTYPES = YES;
				CLANG_WARN_SUSPICIOUS_MOVE = YES;
				CLANG_WARN_UNGUARDED_AVAILABILITY = YES_AGGRESSIVE;
				CLANG_WARN_UNREACHABLE_CODE = YES;
				CLANG_WARN__DUPLICATE_METHOD_MATCH = YES;
				COPY_PHASE_STRIP = NO;
				DEBUG_INFORMATION_FORMAT = dwarf;
				ENABLE_STRICT_OBJC_MSGSEND = YES;
				ENABLE_TESTABILITY = YES;
				ENABLE_USER_SCRIPT_SANDBOXING = YES;
				GCC_C_LANGUAGE_STANDARD = gnu17;
				GCC_DYNAMIC_NO_PIC = NO;
				GCC_NO_COMMON_BLOCKS = YES;
				GCC_OPTIMIZATION_LEVEL = 0;
				GCC_PREPROCESSOR_DEFINITIONS = (
					"DEBUG=1",
					"$(inherited)",
				);
				GCC_WARN_64_TO_32_BIT_CONVERSION = YES;
				GCC_WARN_ABOUT_RETURN_TYPE = YES_ERROR;
				GCC_WARN_UNDECLARED_SELECTOR = YES;
				GCC_WARN_UNINITIALIZED_AUTOS = YES_AGGRESSIVE;
				GCC_WARN_UNUSED_FUNCTION = YES;
				GCC_WARN_UNUSED_VARIABLE = YES;
				LOCALIZATION_PREFERS_STRING_CATALOGS = YES;
				MACOSX_DEPLOYMENT_TARGET = 15.5;
				MTL_ENABLE_DEBUG_INFO = INCLUDE_SOURCE;
				MTL_FAST_MATH = YES;
				ONLY_ACTIVE_ARCH = YES;
				SDKROOT = macosx;
				SWIFT_ACTIVE_COMPILATION_CONDITIONS = "DEBUG $(inherited)";
				SWIFT_OPTIMIZATION_LEVEL = "-Onone";
			};
			name = Debug;
		};
		655B128C2E5589150061B758 /* Release */ = {
			isa = XCBuildConfiguration;
			buildSettings = {
				ALWAYS_SEARCH_USER_PATHS = NO;
				ASSETCATALOG_COMPILER_GENERATE_SWIFT_ASSET_SYMBOL_EXTENSIONS = YES;
				CLANG_ANALYZER_NONNULL = YES;
				CLANG_ANALYZER_NUMBER_OBJECT_CONVERSION = YES_AGGRESSIVE;
				CLANG_CXX_LANGUAGE_STANDARD = "gnu++20";
				CLANG_ENABLE_MODULES = YES;
				CLANG_ENABLE_OBJC_ARC = YES;
				CLANG_ENABLE_OBJC_WEAK = YES;
				CLANG_WARN_BLOCK_CAPTURE_AUTORELEASING = YES;
				CLANG_WARN_BOOL_CONVERSION = YES;
				CLANG_WARN_COMMA = YES;
				CLANG_WARN_CONSTANT_CONVERSION = YES;
				CLANG_WARN_DEPRECATED_OBJC_IMPLEMENTATIONS = YES;
				CLANG_WARN_DIRECT_OBJC_ISA_USAGE = YES_ERROR;
				CLANG_WARN_DOCUMENTATION_COMMENTS = YES;
				CLANG_WARN_EMPTY_BODY = YES;
				CLANG_WARN_ENUM_CONVERSION = YES;
				CLANG_WARN_INFINITE_RECURSION = YES;
				CLANG_WARN_INT_CONVERSION = YES;
				CLANG_WARN_NON_LITERAL_NULL_CONVERSION = YES;
				CLANG_WARN_OBJC_IMPLICIT_RETAIN_SELF = YES;
				CLANG_WARN_OBJC_LITERAL_CONVERSION = YES;
				CLANG_WARN_OBJC_ROOT_CLASS = YES_ERROR;
				CLANG_WARN_QUOTED_INCLUDE_IN_FRAMEWORK_HEADER = YES;
				CLANG_WARN_RANGE_LOOP_ANALYSIS = YES;
				CLANG_WARN_STRICT_PROTOTYPES = YES;
				CLANG_WARN_SUSPICIOUS_MOVE = YES;
				CLANG_WARN_UNGUARDED_AVAILABILITY = YES_AGGRESSIVE;
				CLANG_WARN_UNREACHABLE_CODE = YES;
				CLANG_WARN__DUPLICATE_METHOD_MATCH = YES;
				COPY_PHASE_STRIP = NO;
				DEBUG_INFORMATION_FORMAT = "dwarf-with-dsym";
				ENABLE_NS_ASSERTIONS = NO;
				ENABLE_STRICT_OBJC_MSGSEND = YES;
				ENABLE_USER_SCRIPT_SANDBOXING = YES;
				GCC_C_LANGUAGE_STANDARD = gnu17;
				GCC_NO_COMMON_BLOCKS = YES;
				GCC_WARN_64_TO_32_BIT_CONVERSION = YES;
				GCC_WARN_ABOUT_RETURN_TYPE = YES_ERROR;
				GCC_WARN_UNDECLARED_SELECTOR = YES;
				GCC_WARN_UNINITIALIZED_AUTOS = YES_AGGRESSIVE;
				GCC_WARN_UNUSED_FUNCTION = YES;
				GCC_WARN_UNUSED_VARIABLE = YES;
				LOCALIZATION_PREFERS_STRING_CATALOGS = YES;
				MACOSX_DEPLOYMENT_TARGET = 15.5;
				MTL_ENABLE_DEBUG_INFO = NO;
				MTL_FAST_MATH = YES;
				SDKROOT = macosx;
				SWIFT_COMPILATION_MODE = wholemodule;
			};
			name = Release;
		};
		655B128E2E5589150061B758 /* Debug */ = {
			isa = XCBuildConfiguration;
			buildSettings = {
				ASSETCATALOG_COMPILER_APPICON_NAME = AppIcon;
				ASSETCATALOG_COMPILER_GLOBAL_ACCENT_COLOR_NAME = AccentColor;
				CODE_SIGN_ENTITLEMENTS = FactorioPlanner/FactorioPlanner.entitlements;
				CODE_SIGN_STYLE = Automatic;
				COMBINE_HIDPI_IMAGES = YES;
				CURRENT_PROJECT_VERSION = 1;
				GENERATE_INFOPLIST_FILE = YES;
				INFOPLIST_FILE = FactorioPlanner/Info.plist;
				INFOPLIST_KEY_LSApplicationCategoryType = "public.app-category.developer-tools";
				INFOPLIST_KEY_NSHumanReadableCopyright = "";
				INFOPLIST_KEY_NSPrincipalClass = NSApplication;
				LD_RUNPATH_SEARCH_PATHS = (
					"$(inherited)",
					"@executable_path/../Frameworks",
				);
				MARKETING_VERSION = 1.0;
				PRODUCT_BUNDLE_IDENTIFIER = com.daniel.FactorioPlanner;
				PRODUCT_NAME = "$(TARGET_NAME)";
				REGISTER_APP_GROUPS = YES;
				SWIFT_EMIT_LOC_STRINGS = YES;
				SWIFT_VERSION = 5.0;
			};
			name = Debug;
		};
		655B128F2E5589150061B758 /* Release */ = {
			isa = XCBuildConfiguration;
			buildSettings = {
				ASSETCATALOG_COMPILER_APPICON_NAME = AppIcon;
				ASSETCATALOG_COMPILER_GLOBAL_ACCENT_COLOR_NAME = AccentColor;
				CODE_SIGN_ENTITLEMENTS = FactorioPlanner/FactorioPlanner.entitlements;
				CODE_SIGN_STYLE = Automatic;
				COMBINE_HIDPI_IMAGES = YES;
				CURRENT_PROJECT_VERSION = 1;
				GENERATE_INFOPLIST_FILE = YES;
				INFOPLIST_FILE = FactorioPlanner/Info.plist;
				INFOPLIST_KEY_LSApplicationCategoryType = "public.app-category.developer-tools";
				INFOPLIST_KEY_NSHumanReadableCopyright = "";
				INFOPLIST_KEY_NSPrincipalClass = NSApplication;
				LD_RUNPATH_SEARCH_PATHS = (
					"$(inherited)",
					"@executable_path/../Frameworks",
				);
				MARKETING_VERSION = 1.0;
				PRODUCT_BUNDLE_IDENTIFIER = com.daniel.FactorioPlanner;
				PRODUCT_NAME = "$(TARGET_NAME)";
				REGISTER_APP_GROUPS = YES;
				SWIFT_EMIT_LOC_STRINGS = YES;
				SWIFT_VERSION = 5.0;
			};
			name = Release;
		};
		655B12912E5589150061B758 /* Debug */ = {
			isa = XCBuildConfiguration;
			buildSettings = {
				BUNDLE_LOADER = "$(TEST_HOST)";
				CODE_SIGN_STYLE = Automatic;
				CURRENT_PROJECT_VERSION = 1;
				GENERATE_INFOPLIST_FILE = YES;
				MACOSX_DEPLOYMENT_TARGET = 15.5;
				MARKETING_VERSION = 1.0;
				PRODUCT_BUNDLE_IDENTIFIER = com.daniel.FactorioPlannerTests;
				PRODUCT_NAME = "$(TARGET_NAME)";
				SWIFT_EMIT_LOC_STRINGS = NO;
				SWIFT_VERSION = 5.0;
				TEST_HOST = "$(BUILT_PRODUCTS_DIR)/FactorioPlanner.app/$(BUNDLE_EXECUTABLE_FOLDER_PATH)/FactorioPlanner";
			};
			name = Debug;
		};
		655B12922E5589150061B758 /* Release */ = {
			isa = XCBuildConfiguration;
			buildSettings = {
				BUNDLE_LOADER = "$(TEST_HOST)";
				CODE_SIGN_STYLE = Automatic;
				CURRENT_PROJECT_VERSION = 1;
				GENERATE_INFOPLIST_FILE = YES;
				MACOSX_DEPLOYMENT_TARGET = 15.5;
				MARKETING_VERSION = 1.0;
				PRODUCT_BUNDLE_IDENTIFIER = com.daniel.FactorioPlannerTests;
				PRODUCT_NAME = "$(TARGET_NAME)";
				SWIFT_EMIT_LOC_STRINGS = NO;
				SWIFT_VERSION = 5.0;
				TEST_HOST = "$(BUILT_PRODUCTS_DIR)/FactorioPlanner.app/$(BUNDLE_EXECUTABLE_FOLDER_PATH)/FactorioPlanner";
			};
			name = Release;
		};
		655B12942E5589150061B758 /* Debug */ = {
			isa = XCBuildConfiguration;
			buildSettings = {
				CODE_SIGN_STYLE = Automatic;
				CURRENT_PROJECT_VERSION = 1;
				GENERATE_INFOPLIST_FILE = YES;
				MARKETING_VERSION = 1.0;
				PRODUCT_BUNDLE_IDENTIFIER = com.daniel.FactorioPlannerUITests;
				PRODUCT_NAME = "$(TARGET_NAME)";
				SWIFT_EMIT_LOC_STRINGS = NO;
				SWIFT_VERSION = 5.0;
				TEST_TARGET_NAME = FactorioPlanner;
			};
			name = Debug;
		};
		655B12952E5589150061B758 /* Release */ = {
			isa = XCBuildConfiguration;
			buildSettings = {
				CODE_SIGN_STYLE = Automatic;
				CURRENT_PROJECT_VERSION = 1;
				GENERATE_INFOPLIST_FILE = YES;
				MARKETING_VERSION = 1.0;
				PRODUCT_BUNDLE_IDENTIFIER = com.daniel.FactorioPlannerUITests;
				PRODUCT_NAME = "$(TARGET_NAME)";
				SWIFT_EMIT_LOC_STRINGS = NO;
				SWIFT_VERSION = 5.0;
				TEST_TARGET_NAME = FactorioPlanner;
			};
			name = Release;
		};
/* End XCBuildConfiguration section */

/* Begin XCConfigurationList section */
		655B12632E5589140061B758 /* Build configuration list for PBXProject "FactorioPlanner" */ = {
			isa = XCConfigurationList;
			buildConfigurations = (
				655B128B2E5589150061B758 /* Debug */,
				655B128C2E5589150061B758 /* Release */,
			);
			defaultConfigurationIsVisible = 0;
			defaultConfigurationName = Release;
		};
		655B128D2E5589150061B758 /* Build configuration list for PBXNativeTarget "FactorioPlanner" */ = {
			isa = XCConfigurationList;
			buildConfigurations = (
				655B128E2E5589150061B758 /* Debug */,
				655B128F2E5589150061B758 /* Release */,
			);
			defaultConfigurationIsVisible = 0;
			defaultConfigurationName = Release;
		};
		655B12902E5589150061B758 /* Build configuration list for PBXNativeTarget "FactorioPlannerTests" */ = {
			isa = XCConfigurationList;
			buildConfigurations = (
				655B12912E5589150061B758 /* Debug */,
				655B12922E5589150061B758 /* Release */,
			);
			defaultConfigurationIsVisible = 0;
			defaultConfigurationName = Release;
		};
		655B12932E5589150061B758 /* Build configuration list for PBXNativeTarget "FactorioPlannerUITests" */ = {
			isa = XCConfigurationList;
			buildConfigurations = (
				655B12942E5589150061B758 /* Debug */,
				655B12952E5589150061B758 /* Release */,
			);
			defaultConfigurationIsVisible = 0;
			defaultConfigurationName = Release;
		};
/* End XCConfigurationList section */
	};
	rootObject = 655B12602E5589140061B758 /* Project object */;
}
